
Microsoft Visual Studio Solution File, Format Version 12.00
# Visual Studio Version 17
VisualStudioVersion = 17.0.31919.166
MinimumVisualStudioVersion = 10.0.40219.1
Project("{FAE04EC0-301F-11D3-BF4B-00C04F79EFBC}") = "Vasmegye2", "Vasmegye2\Vasmegye2.csproj", "{BD37DCED-79F7-491E-8C04-1A1789E427A1}"
EndProject
Global
	GlobalSection(SolutionConfigurationPlatforms) = preSolution
		Debug|Any CPU = Debug|Any CPU
		Release|Any CPU = Release|Any CPU
	EndGlobalSection
	GlobalSection(ProjectConfigurationPlatforms) = postSolution
		{BD37DCED-79F7-491E-8C04-1A1789E427A1}.Debug|Any CPU.ActiveCfg = Debug|Any CPU
		{BD37DCED-79F7-491E-8C04-1A1789E427A1}.Debug|Any CPU.Build.0 = Debug|Any CPU
		{BD37DCED-79F7-491E-8C04-1A1789E427A1}.Release|Any CPU.ActiveCfg = Release|Any CPU
		{BD37DCED-79F7-491E-8C04-1A1789E427A1}.Release|Any CPU.Build.0 = Release|Any CPU
	EndGlobalSection
	GlobalSection(SolutionProperties) = preSolution
		HideSolutionNode = FALSE
	EndGlobalSection
	GlobalSection(ExtensibilityGlobals) = postSolution
		SolutionGuid = {A2808903-4633-495B-ADB3-2B39ADC520FB}
	EndGlobalSection
EndGlobal
